// !$*UTF8*$!
{
	archiveVersion = 1;
	classes = {
	};
	objectVersion = 46;
	objects = {

/* Begin PBXBuildFile section */
		AB3DDE651C0703C800D2F446 /* AppDelegate.swift in Sources */ = {isa = PBXBuildFile; fileRef = AB3DDE641C0703C800D2F446 /* AppDelegate.swift */; };
		AB3DDE671C0703C800D2F446 /* ViewController.swift in Sources */ = {isa = PBXBuildFile; fileRef = AB3DDE661C0703C800D2F446 /* ViewController.swift */; };
		AB3DDE6A1C0703C800D2F446 /* Main.storyboard in Resources */ = {isa = PBXBuildFile; fileRef = AB3DDE681C0703C800D2F446 /* Main.storyboard */; };
		AB3DDE6C1C0703C800D2F446 /* Assets.xcassets in Resources */ = {isa = PBXBuildFile; fileRef = AB3DDE6B1C0703C800D2F446 /* Assets.xcassets */; };
		AB3DDE6F1C0703C800D2F446 /* LaunchScreen.storyboard in Resources */ = {isa = PBXBuildFile; fileRef = AB3DDE6D1C0703C800D2F446 /* LaunchScreen.storyboard */; };
		AB3DDE771C0716DE00D2F446 /* PhotosProvider.swift in Sources */ = {isa = PBXBuildFile; fileRef = AB3DDE761C0716DE00D2F446 /* PhotosProvider.swift */; };
		AB3DDE791C0717D000D2F446 /* Photo.swift in Sources */ = {isa = PBXBuildFile; fileRef = AB3DDE781C0717D000D2F446 /* Photo.swift */; };
		AB3DDE7C1C07225800D2F446 /* ABPhotosViewController.swift in Sources */ = {isa = PBXBuildFile; fileRef = AB3DDE7B1C07225800D2F446 /* ABPhotosViewController.swift */; };
		AB3DDE7F1C07259100D2F446 /* ABPhoto.swift in Sources */ = {isa = PBXBuildFile; fileRef = AB3DDE7E1C07259100D2F446 /* ABPhoto.swift */; };
		AB3DDE811C0727A500D2F446 /* ABPhotoContainer.swift in Sources */ = {isa = PBXBuildFile; fileRef = AB3DDE801C0727A500D2F446 /* ABPhotoContainer.swift */; };
		AB3DDE831C0728A300D2F446 /* ABPhotosViewControllerDataSource.swift in Sources */ = {isa = PBXBuildFile; fileRef = AB3DDE821C0728A300D2F446 /* ABPhotosViewControllerDataSource.swift */; };
		AB3DDE851C07385600D2F446 /* ABPhotosViewControllerDelegate.swift in Sources */ = {isa = PBXBuildFile; fileRef = AB3DDE841C07385600D2F446 /* ABPhotosViewControllerDelegate.swift */; };
/* End PBXBuildFile section */

/* Begin PBXFileReference section */
		AB3DDE611C0703C800D2F446 /* PhotoViewer.app */ = {isa = PBXFileReference; explicitFileType = wrapper.application; includeInIndex = 0; path = PhotoViewer.app; sourceTree = BUILT_PRODUCTS_DIR; };
		AB3DDE641C0703C800D2F446 /* AppDelegate.swift */ = {isa = PBXFileReference; lastKnownFileType = sourcecode.swift; path = AppDelegate.swift; sourceTree = "<group>"; };
		AB3DDE661C0703C800D2F446 /* ViewController.swift */ = {isa = PBXFileReference; lastKnownFileType = sourcecode.swift; path = ViewController.swift; sourceTree = "<group>"; };
		AB3DDE691C0703C800D2F446 /* Base */ = {isa = PBXFileReference; lastKnownFileType = file.storyboard; name = Base; path = Base.lproj/Main.storyboard; sourceTree = "<group>"; };
		AB3DDE6B1C0703C800D2F446 /* Assets.xcassets */ = {isa = PBXFileReference; lastKnownFileType = folder.assetcatalog; path = Assets.xcassets; sourceTree = "<group>"; };
		AB3DDE6E1C0703C800D2F446 /* Base */ = {isa = PBXFileReference; lastKnownFileType = file.storyboard; name = Base; path = Base.lproj/LaunchScreen.storyboard; sourceTree = "<group>"; };
		AB3DDE701C0703C800D2F446 /* Info.plist */ = {isa = PBXFileReference; lastKnownFileType = text.plist.xml; path = Info.plist; sourceTree = "<group>"; };
		AB3DDE761C0716DE00D2F446 /* PhotosProvider.swift */ = {isa = PBXFileReference; fileEncoding = 4; lastKnownFileType = sourcecode.swift; path = PhotosProvider.swift; sourceTree = "<group>"; };
		AB3DDE781C0717D000D2F446 /* Photo.swift */ = {isa = PBXFileReference; fileEncoding = 4; lastKnownFileType = sourcecode.swift; path = Photo.swift; sourceTree = "<group>"; };
		AB3DDE7B1C07225800D2F446 /* ABPhotosViewController.swift */ = {isa = PBXFileReference; fileEncoding = 4; lastKnownFileType = sourcecode.swift; path = ABPhotosViewController.swift; sourceTree = "<group>"; };
		AB3DDE7E1C07259100D2F446 /* ABPhoto.swift */ = {isa = PBXFileReference; fileEncoding = 4; lastKnownFileType = sourcecode.swift; path = ABPhoto.swift; sourceTree = "<group>"; };
		AB3DDE801C0727A500D2F446 /* ABPhotoContainer.swift */ = {isa = PBXFileReference; fileEncoding = 4; lastKnownFileType = sourcecode.swift; path = ABPhotoContainer.swift; sourceTree = "<group>"; };
		AB3DDE821C0728A300D2F446 /* ABPhotosViewControllerDataSource.swift */ = {isa = PBXFileReference; fileEncoding = 4; lastKnownFileType = sourcecode.swift; path = ABPhotosViewControllerDataSource.swift; sourceTree = "<group>"; };
		AB3DDE841C07385600D2F446 /* ABPhotosViewControllerDelegate.swift */ = {isa = PBXFileReference; fileEncoding = 4; lastKnownFileType = sourcecode.swift; path = ABPhotosViewControllerDelegate.swift; sourceTree = "<group>"; };
/* End PBXFileReference section */

/* Begin PBXFrameworksBuildPhase section */
		AB3DDE5E1C0703C800D2F446 /* Frameworks */ = {
			isa = PBXFrameworksBuildPhase;
			buildActionMask = 2147483647;
			files = (
			);
			runOnlyForDeploymentPostprocessing = 0;
		};
/* End PBXFrameworksBuildPhase section */

/* Begin PBXGroup section */
		AB3DDE581C0703C800D2F446 = {
			isa = PBXGroup;
			children = (
				AB3DDE631C0703C800D2F446 /* PhotoViewer */,
				AB3DDE621C0703C800D2F446 /* Products */,
			);
			sourceTree = "<group>";
		};
		AB3DDE621C0703C800D2F446 /* Products */ = {
			isa = PBXGroup;
			children = (
				AB3DDE611C0703C800D2F446 /* PhotoViewer.app */,
			);
			name = Products;
			sourceTree = "<group>";
		};
		AB3DDE631C0703C800D2F446 /* PhotoViewer */ = {
			isa = PBXGroup;
			children = (
				AB3DDE7A1C07214600D2F446 /* ABPhotosFramework */,
				AB3DDE641C0703C800D2F446 /* AppDelegate.swift */,
				AB3DDE661C0703C800D2F446 /* ViewController.swift */,
				AB3DDE761C0716DE00D2F446 /* PhotosProvider.swift */,
				AB3DDE781C0717D000D2F446 /* Photo.swift */,
				AB3DDE681C0703C800D2F446 /* Main.storyboard */,
				AB3DDE6B1C0703C800D2F446 /* Assets.xcassets */,
				AB3DDE6D1C0703C800D2F446 /* LaunchScreen.storyboard */,
				AB3DDE701C0703C800D2F446 /* Info.plist */,
			);
			path = PhotoViewer;
			sourceTree = "<group>";
		};
		AB3DDE7A1C07214600D2F446 /* ABPhotosFramework */ = {
			isa = PBXGroup;
			children = (
				AB3DDE7D1C07254D00D2F446 /* Protocols */,
				AB3DDE7B1C07225800D2F446 /* ABPhotosViewController.swift */,
			);
			name = ABPhotosFramework;
			sourceTree = "<group>";
		};
		AB3DDE7D1C07254D00D2F446 /* Protocols */ = {
			isa = PBXGroup;
			children = (
				AB3DDE7E1C07259100D2F446 /* ABPhoto.swift */,
				AB3DDE801C0727A500D2F446 /* ABPhotoContainer.swift */,
				AB3DDE821C0728A300D2F446 /* ABPhotosViewControllerDataSource.swift */,
				AB3DDE841C07385600D2F446 /* ABPhotosViewControllerDelegate.swift */,
			);
			name = Protocols;
			sourceTree = "<group>";
		};
/* End PBXGroup section */

/* Begin PBXNativeTarget section */
		AB3DDE601C0703C800D2F446 /* PhotoViewer */ = {
			isa = PBXNativeTarget;
			buildConfigurationList = AB3DDE731C0703C800D2F446 /* Build configuration list for PBXNativeTarget "PhotoViewer" */;
			buildPhases = (
				AB3DDE5D1C0703C800D2F446 /* Sources */,
				AB3DDE5E1C0703C800D2F446 /* Frameworks */,
				AB3DDE5F1C0703C800D2F446 /* Resources */,
			);
			buildRules = (
			);
			dependencies = (
			);
			name = PhotoViewer;
			productName = PhotoViewer;
			productReference = AB3DDE611C0703C800D2F446 /* PhotoViewer.app */;
			productType = "com.apple.product-type.application";
		};
/* End PBXNativeTarget section */

/* Begin PBXProject section */
		AB3DDE591C0703C800D2F446 /* Project object */ = {
			isa = PBXProject;
			attributes = {
				LastSwiftUpdateCheck = 0710;
				LastUpgradeCheck = 0710;
				ORGANIZATIONNAME = "Alexander Blokhin";
				TargetAttributes = {
					AB3DDE601C0703C800D2F446 = {
						CreatedOnToolsVersion = 7.1.1;
					};
				};
			};
			buildConfigurationList = AB3DDE5C1C0703C800D2F446 /* Build configuration list for PBXProject "PhotoViewer" */;
			compatibilityVersion = "Xcode 3.2";
			developmentRegion = English;
			hasScannedForEncodings = 0;
			knownRegions = (
				en,
				Base,
			);
			mainGroup = AB3DDE581C0703C800D2F446;
			productRefGroup = AB3DDE621C0703C800D2F446 /* Products */;
			projectDirPath = "";
			projectRoot = "";
			targets = (
				AB3DDE601C0703C800D2F446 /* PhotoViewer */,
			);
		};
/* End PBXProject section */

/* Begin PBXResourcesBuildPhase section */
		AB3DDE5F1C0703C800D2F446 /* Resources */ = {
			isa = PBXResourcesBuildPhase;
			buildActionMask = 2147483647;
			files = (
				AB3DDE6F1C0703C800D2F446 /* LaunchScreen.storyboard in Resources */,
				AB3DDE6C1C0703C800D2F446 /* Assets.xcassets in Resources */,
				AB3DDE6A1C0703C800D2F446 /* Main.storyboard in Resources */,
			);
			runOnlyForDeploymentPostprocessing = 0;
		};
/* End PBXResourcesBuildPhase section */

/* Begin PBXSourcesBuildPhase section */
		AB3DDE5D1C0703C800D2F446 /* Sources */ = {
			isa = PBXSourcesBuildPhase;
			buildActionMask = 2147483647;
			files = (
				AB3DDE791C0717D000D2F446 /* Photo.swift in Sources */,
				AB3DDE671C0703C800D2F446 /* ViewController.swift in Sources */,
				AB3DDE651C0703C800D2F446 /* AppDelegate.swift in Sources */,
				AB3DDE831C0728A300D2F446 /* ABPhotosViewControllerDataSource.swift in Sources */,
				AB3DDE771C0716DE00D2F446 /* PhotosProvider.swift in Sources */,
				AB3DDE7C1C07225800D2F446 /* ABPhotosViewController.swift in Sources */,
				AB3DDE851C07385600D2F446 /* ABPhotosViewControllerDelegate.swift in Sources */,
				AB3DDE7F1C07259100D2F446 /* ABPhoto.swift in Sources */,
				AB3DDE811C0727A500D2F446 /* ABPhotoContainer.swift in Sources */,
			);
			runOnlyForDeploymentPostprocessing = 0;
		};
/* End PBXSourcesBuildPhase section */

/* Begin PBXVariantGroup section */
		AB3DDE681C0703C800D2F446 /* Main.storyboard */ = {
			isa = PBXVariantGroup;
			children = (
				AB3DDE691C0703C800D2F446 /* Base */,
			);
			name = Main.storyboard;
			sourceTree = "<group>";
		};
		AB3DDE6D1C0703C800D2F446 /* LaunchScreen.storyboard */ = {
			isa = PBXVariantGroup;
			children = (
				AB3DDE6E1C0703C800D2F446 /* Base */,
			);
			name = LaunchScreen.storyboard;
			sourceTree = "<group>";
		};
/* End PBXVariantGroup section */

/* Begin XCBuildConfiguration section */
		AB3DDE711C0703C800D2F446 /* Debug */ = {
			isa = XCBuildConfiguration;
			buildSettings = {
				ALWAYS_SEARCH_USER_PATHS = NO;
				CLANG_CXX_LANGUAGE_STANDARD = "gnu++0x";
				CLANG_CXX_LIBRARY = "libc++";
				CLANG_ENABLE_MODULES = YES;
				CLANG_ENABLE_OBJC_ARC = YES;
				CLANG_WARN_BOOL_CONVERSION = YES;
				CLANG_WARN_CONSTANT_CONVERSION = YES;
				CLANG_WARN_DIRECT_OBJC_ISA_USAGE = YES_ERROR;
				CLANG_WARN_EMPTY_BODY = YES;
				CLANG_WARN_ENUM_CONVERSION = YES;
				CLANG_WARN_INT_CONVERSION = YES;
				CLANG_WARN_OBJC_ROOT_CLASS = YES_ERROR;
				CLANG_WARN_UNREACHABLE_CODE = YES;
				CLANG_WARN__DUPLICATE_METHOD_MATCH = YES;
				"CODE_SIGN_IDENTITY[sdk=iphoneos*]" = "iPhone Developer";
				COPY_PHASE_STRIP = NO;
				DEBUG_INFORMATION_FORMAT = dwarf;
				ENABLE_STRICT_OBJC_MSGSEND = YES;
				ENABLE_TESTABILITY = YES;
				GCC_C_LANGUAGE_STANDARD = gnu99;
				GCC_DYNAMIC_NO_PIC = NO;
				GCC_NO_COMMON_BLOCKS = YES;
				GCC_OPTIMIZATION_LEVEL = 0;
				GCC_PREPROCESSOR_DEFINITIONS = (
					"DEBUG=1",
					"$(inherited)",
				);
				GCC_WARN_64_TO_32_BIT_CONVERSION = YES;
				GCC_WARN_ABOUT_RETURN_TYPE = YES_ERROR;
				GCC_WARN_UNDECLARED_SELECTOR = YES;
				GCC_WARN_UNINITIALIZED_AUTOS = YES_AGGRESSIVE;
				GCC_WARN_UNUSED_FUNCTION = YES;
				GCC_WARN_UNUSED_VARIABLE = YES;
				IPHONEOS_DEPLOYMENT_TARGET = 9.1;
				MTL_ENABLE_DEBUG_INFO = YES;
				ONLY_ACTIVE_ARCH = YES;
				SDKROOT = iphoneos;
				SWIFT_OPTIMIZATION_LEVEL = "-Onone";
			};
			name = Debug;
		};
		AB3DDE721C0703C800D2F446 /* Release */ = {
			isa = XCBuildConfiguration;
			buildSettings = {
				ALWAYS_SEARCH_USER_PATHS = NO;
				CLANG_CXX_LANGUAGE_STANDARD = "gnu++0x";
				CLANG_CXX_LIBRARY = "libc++";
				CLANG_ENABLE_MODULES = YES;
				CLANG_ENABLE_OBJC_ARC = YES;
				CLANG_WARN_BOOL_CONVERSION = YES;
				CLANG_WARN_CONSTANT_CONVERSION = YES;
				CLANG_WARN_DIRECT_OBJC_ISA_USAGE = YES_ERROR;
				CLANG_WARN_EMPTY_BODY = YES;
				CLANG_WARN_ENUM_CONVERSION = YES;
				CLANG_WARN_INT_CONVERSION = YES;
				CLANG_WARN_OBJC_ROOT_CLASS = YES_ERROR;
				CLANG_WARN_UNREACHABLE_CODE = YES;
				CLANG_WARN__DUPLICATE_METHOD_MATCH = YES;
				"CODE_SIGN_IDENTITY[sdk=iphoneos*]" = "iPhone Developer";
				COPY_PHASE_STRIP = NO;
				DEBUG_INFORMATION_FORMAT = "dwarf-with-dsym";
				ENABLE_NS_ASSERTIONS = NO;
				ENABLE_STRICT_OBJC_MSGSEND = YES;
				GCC_C_LANGUAGE_STANDARD = gnu99;
				GCC_NO_COMMON_BLOCKS = YES;
				GCC_WARN_64_TO_32_BIT_CONVERSION = YES;
				GCC_WARN_ABOUT_RETURN_TYPE = YES_ERROR;
				GCC_WARN_UNDECLARED_SELECTOR = YES;
				GCC_WARN_UNINITIALIZED_AUTOS = YES_AGGRESSIVE;
				GCC_WARN_UNUSED_FUNCTION = YES;
				GCC_WARN_UNUSED_VARIABLE = YES;
				IPHONEOS_DEPLOYMENT_TARGET = 9.1;
				MTL_ENABLE_DEBUG_INFO = NO;
				SDKROOT = iphoneos;
				VALIDATE_PRODUCT = YES;
			};
			name = Release;
		};
		AB3DDE741C0703C800D2F446 /* Debug */ = {
			isa = XCBuildConfiguration;
			buildSettings = {
				ASSETCATALOG_COMPILER_APPICON_NAME = AppIcon;
				INFOPLIST_FILE = PhotoViewer/Info.plist;
				IPHONEOS_DEPLOYMENT_TARGET = 8.3;
				LD_RUNPATH_SEARCH_PATHS = "$(inherited) @executable_path/Frameworks";
				PRODUCT_BUNDLE_IDENTIFIER = com.jampps.PhotoViewer;
				PRODUCT_NAME = "$(TARGET_NAME)";
			};
			name = Debug;
		};
		AB3DDE751C0703C800D2F446 /* Release */ = {
			isa = XCBuildConfiguration;
			buildSettings = {
				ASSETCATALOG_COMPILER_APPICON_NAME = AppIcon;
				INFOPLIST_FILE = PhotoViewer/Info.plist;
				IPHONEOS_DEPLOYMENT_TARGET = 8.3;
				LD_RUNPATH_SEARCH_PATHS = "$(inherited) @executable_path/Frameworks";
				PRODUCT_BUNDLE_IDENTIFIER = com.jampps.PhotoViewer;
				PRODUCT_NAME = "$(TARGET_NAME)";
			};
			name = Release;
		};
/* End XCBuildConfiguration section */

/* Begin XCConfigurationList section */
		AB3DDE5C1C0703C800D2F446 /* Build configuration list for PBXProject "PhotoViewer" */ = {
			isa = XCConfigurationList;
			buildConfigurations = (
				AB3DDE711C0703C800D2F446 /* Debug */,
				AB3DDE721C0703C800D2F446 /* Release */,
			);
			defaultConfigurationIsVisible = 0;
			defaultConfigurationName = Release;
		};
		AB3DDE731C0703C800D2F446 /* Build configuration list for PBXNativeTarget "PhotoViewer" */ = {
			isa = XCConfigurationList;
			buildConfigurations = (
				AB3DDE741C0703C800D2F446 /* Debug */,
				AB3DDE751C0703C800D2F446 /* Release */,
			);
			defaultConfigurationIsVisible = 0;
		};
/* End XCConfigurationList section */
	};
	rootObject = AB3DDE591C0703C800D2F446 /* Project object */;
}
